
Microsoft Visual Studio Solution File, Format Version 12.00
# Visual Studio Version 17
VisualStudioVersion = 17.3.32825.248
MinimumVisualStudioVersion = 10.0.40219.1
Project("{FAE04EC0-301F-11D3-BF4B-00C04F79EFBC}") = "BingoWebApplication", "BingoWebApplication.csproj", "{33DC0E44-B6F2-4EE4-ADF5-10246B454396}"
EndProject
Global
	GlobalSection(SolutionConfigurationPlatforms) = preSolution
		Debug|Any CPU = Debug|Any CPU
		Release|Any CPU = Release|Any CPU
	EndGlobalSection
	GlobalSection(ProjectConfigurationPlatforms) = postSolution
		{33DC0E44-B6F2-4EE4-ADF5-10246B454396}.Debug|Any CPU.ActiveCfg = Debug|Any CPU
		{33DC0E44-B6F2-4EE4-ADF5-10246B454396}.Debug|Any CPU.Build.0 = Debug|Any CPU
		{33DC0E44-B6F2-4EE4-ADF5-10246B454396}.Release|Any CPU.ActiveCfg = Release|Any CPU
		{33DC0E44-B6F2-4EE4-ADF5-10246B454396}.Release|Any CPU.Build.0 = Release|Any CPU
	EndGlobalSection
	GlobalSection(SolutionProperties) = preSolution
		HideSolutionNode = FALSE
	EndGlobalSection
	GlobalSection(ExtensibilityGlobals) = postSolution
		SolutionGuid = {1E71180B-7BDD-44F7-A9E3-46FFA89CA8E0}
	EndGlobalSection
EndGlobal
